
Microsoft Visual Studio Solution File, Format Version 12.00
# Visual Studio Version 16
VisualStudioVersion = 16.0.31019.35
MinimumVisualStudioVersion = 10.0.40219.1
Project("{FAE04EC0-301F-11D3-BF4B-00C04F79EFBC}") = "12逻辑运算符练习", "12逻辑运算符练习.csproj", "{131AFDE4-2C10-4A57-80E3-DC3F653A0F2F}"
EndProject
Global
	GlobalSection(SolutionConfigurationPlatforms) = preSolution
		Debug|Any CPU = Debug|Any CPU
		Release|Any CPU = Release|Any CPU
	EndGlobalSection
	GlobalSection(ProjectConfigurationPlatforms) = postSolution
		{131AFDE4-2C10-4A57-80E3-DC3F653A0F2F}.Debug|Any CPU.ActiveCfg = Debug|Any CPU
		{131AFDE4-2C10-4A57-80E3-DC3F653A0F2F}.Debug|Any CPU.Build.0 = Debug|Any CPU
		{131AFDE4-2C10-4A57-80E3-DC3F653A0F2F}.Release|Any CPU.ActiveCfg = Release|Any CPU
		{131AFDE4-2C10-4A57-80E3-DC3F653A0F2F}.Release|Any CPU.Build.0 = Release|Any CPU
	EndGlobalSection
	GlobalSection(SolutionProperties) = preSolution
		HideSolutionNode = FALSE
	EndGlobalSection
	GlobalSection(ExtensibilityGlobals) = postSolution
		SolutionGuid = {E70CA8CC-CCB5-4CD0-A19C-F19F75296736}
	EndGlobalSection
EndGlobal
