
Microsoft Visual Studio Solution File, Format Version 12.00
# Visual Studio 14
VisualStudioVersion = 14.0.25420.1
MinimumVisualStudioVersion = 10.0.40219.1
Project("{FAE04EC0-301F-11D3-BF4B-00C04F79EFBC}") = "1.1装箱和拆箱", "1.1装箱和拆箱\1.1装箱和拆箱.csproj", "{95D265F6-72F8-46E9-BDF6-4A520E7602ED}"
EndProject
Global
	GlobalSection(SolutionConfigurationPlatforms) = preSolution
		Debug|Any CPU = Debug|Any CPU
		Release|Any CPU = Release|Any CPU
	EndGlobalSection
	GlobalSection(ProjectConfigurationPlatforms) = postSolution
		{95D265F6-72F8-46E9-BDF6-4A520E7602ED}.Debug|Any CPU.ActiveCfg = Debug|Any CPU
		{95D265F6-72F8-46E9-BDF6-4A520E7602ED}.Debug|Any CPU.Build.0 = Debug|Any CPU
		{95D265F6-72F8-46E9-BDF6-4A520E7602ED}.Release|Any CPU.ActiveCfg = Release|Any CPU
		{95D265F6-72F8-46E9-BDF6-4A520E7602ED}.Release|Any CPU.Build.0 = Release|Any CPU
	EndGlobalSection
	GlobalSection(SolutionProperties) = preSolution
		HideSolutionNode = FALSE
	EndGlobalSection
EndGlobal
