
Microsoft Visual Studio Solution File, Format Version 11.00
# Visual Studio 2010
Project("{FAE04EC0-301F-11D3-BF4B-00C04F79EFBC}") = "Invoke", "Assembly-CSharp.csproj", "{BBAF410C-8444-CDEF-AB5A-1952614C3E6C}"
EndProject
Global
	GlobalSection(SolutionConfigurationPlatforms) = preSolution
		Debug|Any CPU = Debug|Any CPU
		Release|Any CPU = Release|Any CPU
	EndGlobalSection
	GlobalSection(ProjectConfigurationPlatforms) = postSolution
		{BBAF410C-8444-CDEF-AB5A-1952614C3E6C}.Debug|Any CPU.ActiveCfg = Debug|Any CPU
		{BBAF410C-8444-CDEF-AB5A-1952614C3E6C}.Debug|Any CPU.Build.0 = Debug|Any CPU
		{BBAF410C-8444-CDEF-AB5A-1952614C3E6C}.Release|Any CPU.ActiveCfg = Release|Any CPU
		{BBAF410C-8444-CDEF-AB5A-1952614C3E6C}.Release|Any CPU.Build.0 = Release|Any CPU
	EndGlobalSection
	GlobalSection(SolutionProperties) = preSolution
		HideSolutionNode = FALSE
	EndGlobalSection
	GlobalSection(MonoDevelopProperties) = preSolution
		StartupItem = Assembly-CSharp.csproj
	EndGlobalSection
EndGlobal
