
Microsoft Visual Studio Solution File, Format Version 12.00
# Visual Studio Version 16
VisualStudioVersion = 16.0.31019.35
MinimumVisualStudioVersion = 10.0.40219.1
Project("{FAE04EC0-301F-11D3-BF4B-00C04F79EFBC}") = "15while循环", "基础练习\15while循环\15while循环.csproj", "{56EF7603-C884-4F96-AC1F-99BC88CA1158}"
EndProject
Global
	GlobalSection(SolutionConfigurationPlatforms) = preSolution
		Debug|Any CPU = Debug|Any CPU
		Release|Any CPU = Release|Any CPU
	EndGlobalSection
	GlobalSection(ProjectConfigurationPlatforms) = postSolution
		{56EF7603-C884-4F96-AC1F-99BC88CA1158}.Debug|Any CPU.ActiveCfg = Debug|Any CPU
		{56EF7603-C884-4F96-AC1F-99BC88CA1158}.Debug|Any CPU.Build.0 = Debug|Any CPU
		{56EF7603-C884-4F96-AC1F-99BC88CA1158}.Release|Any CPU.ActiveCfg = Release|Any CPU
		{56EF7603-C884-4F96-AC1F-99BC88CA1158}.Release|Any CPU.Build.0 = Release|Any CPU
	EndGlobalSection
	GlobalSection(SolutionProperties) = preSolution
		HideSolutionNode = FALSE
	EndGlobalSection
	GlobalSection(ExtensibilityGlobals) = postSolution
		SolutionGuid = {E7D904B4-45CA-4FFA-AE1C-DE2280464452}
	EndGlobalSection
EndGlobal
