
Microsoft Visual Studio Solution File, Format Version 12.00
# Visual Studio 14
VisualStudioVersion = 14.0.25420.1
MinimumVisualStudioVersion = 10.0.40219.1
Project("{FAE04EC0-301F-11D3-BF4B-00C04F79EFBC}") = "13-集合的练习", "13-集合的练习\13-集合的练习.csproj", "{1BB0B816-190C-4BEF-A71F-B876E643FAF9}"
EndProject
Global
	GlobalSection(SolutionConfigurationPlatforms) = preSolution
		Debug|Any CPU = Debug|Any CPU
		Release|Any CPU = Release|Any CPU
	EndGlobalSection
	GlobalSection(ProjectConfigurationPlatforms) = postSolution
		{1BB0B816-190C-4BEF-A71F-B876E643FAF9}.Debug|Any CPU.ActiveCfg = Debug|Any CPU
		{1BB0B816-190C-4BEF-A71F-B876E643FAF9}.Debug|Any CPU.Build.0 = Debug|Any CPU
		{1BB0B816-190C-4BEF-A71F-B876E643FAF9}.Release|Any CPU.ActiveCfg = Release|Any CPU
		{1BB0B816-190C-4BEF-A71F-B876E643FAF9}.Release|Any CPU.Build.0 = Release|Any CPU
	EndGlobalSection
	GlobalSection(SolutionProperties) = preSolution
		HideSolutionNode = FALSE
	EndGlobalSection
EndGlobal
