
Microsoft Visual Studio Solution File, Format Version 12.00
# Visual Studio 14
VisualStudioVersion = 14.0.25420.1
MinimumVisualStudioVersion = 10.0.40219.1
Project("{FAE04EC0-301F-11D3-BF4B-00C04F79EFBC}") = "16-多态之虚方法", "16-多态之虚方法\16-多态之虚方法.csproj", "{7D80EB2D-F6F1-4F53-B2BD-66DC09C83A9A}"
EndProject
Global
	GlobalSection(SolutionConfigurationPlatforms) = preSolution
		Debug|Any CPU = Debug|Any CPU
		Release|Any CPU = Release|Any CPU
	EndGlobalSection
	GlobalSection(ProjectConfigurationPlatforms) = postSolution
		{7D80EB2D-F6F1-4F53-B2BD-66DC09C83A9A}.Debug|Any CPU.ActiveCfg = Debug|Any CPU
		{7D80EB2D-F6F1-4F53-B2BD-66DC09C83A9A}.Debug|Any CPU.Build.0 = Debug|Any CPU
		{7D80EB2D-F6F1-4F53-B2BD-66DC09C83A9A}.Release|Any CPU.ActiveCfg = Release|Any CPU
		{7D80EB2D-F6F1-4F53-B2BD-66DC09C83A9A}.Release|Any CPU.Build.0 = Release|Any CPU
	EndGlobalSection
	GlobalSection(SolutionProperties) = preSolution
		HideSolutionNode = FALSE
	EndGlobalSection
EndGlobal
