
Microsoft Visual Studio Solution File, Format Version 12.00
# Visual Studio 14
VisualStudioVersion = 14.0.25420.1
MinimumVisualStudioVersion = 10.0.40219.1
Project("{FAE04EC0-301F-11D3-BF4B-00C04F79EFBC}") = "11-ArrayList集合", "11-ArrayList集合\11-ArrayList集合.csproj", "{66642F10-4E68-4B83-BC70-80222BD7E95A}"
EndProject
Project("{FAE04EC0-301F-11D3-BF4B-00C04F79EFBC}") = "12-集合的长度问题", "..\12-集合的长度问题\12-集合的长度问题.csproj", "{EE72E6DB-219F-42C9-894D-9CEA05018768}"
EndProject
Global
	GlobalSection(SolutionConfigurationPlatforms) = preSolution
		Debug|Any CPU = Debug|Any CPU
		Release|Any CPU = Release|Any CPU
	EndGlobalSection
	GlobalSection(ProjectConfigurationPlatforms) = postSolution
		{66642F10-4E68-4B83-BC70-80222BD7E95A}.Debug|Any CPU.ActiveCfg = Debug|Any CPU
		{66642F10-4E68-4B83-BC70-80222BD7E95A}.Debug|Any CPU.Build.0 = Debug|Any CPU
		{66642F10-4E68-4B83-BC70-80222BD7E95A}.Release|Any CPU.ActiveCfg = Release|Any CPU
		{66642F10-4E68-4B83-BC70-80222BD7E95A}.Release|Any CPU.Build.0 = Release|Any CPU
		{EE72E6DB-219F-42C9-894D-9CEA05018768}.Debug|Any CPU.ActiveCfg = Debug|Any CPU
		{EE72E6DB-219F-42C9-894D-9CEA05018768}.Debug|Any CPU.Build.0 = Debug|Any CPU
		{EE72E6DB-219F-42C9-894D-9CEA05018768}.Release|Any CPU.ActiveCfg = Release|Any CPU
		{EE72E6DB-219F-42C9-894D-9CEA05018768}.Release|Any CPU.Build.0 = Release|Any CPU
	EndGlobalSection
	GlobalSection(SolutionProperties) = preSolution
		HideSolutionNode = FALSE
	EndGlobalSection
EndGlobal
