
Microsoft Visual Studio Solution File, Format Version 12.00
# Visual Studio 14
VisualStudioVersion = 14.0.25420.1
MinimumVisualStudioVersion = 10.0.40219.1
Project("{FAE04EC0-301F-11D3-BF4B-00C04F79EFBC}") = "14-list泛型集合", "14-list泛型集合\14-list泛型集合.csproj", "{E767DB55-34E4-4B1D-8210-CD70898CBFE6}"
EndProject
Global
	GlobalSection(SolutionConfigurationPlatforms) = preSolution
		Debug|Any CPU = Debug|Any CPU
		Release|Any CPU = Release|Any CPU
	EndGlobalSection
	GlobalSection(ProjectConfigurationPlatforms) = postSolution
		{E767DB55-34E4-4B1D-8210-CD70898CBFE6}.Debug|Any CPU.ActiveCfg = Debug|Any CPU
		{E767DB55-34E4-4B1D-8210-CD70898CBFE6}.Debug|Any CPU.Build.0 = Debug|Any CPU
		{E767DB55-34E4-4B1D-8210-CD70898CBFE6}.Release|Any CPU.ActiveCfg = Release|Any CPU
		{E767DB55-34E4-4B1D-8210-CD70898CBFE6}.Release|Any CPU.Build.0 = Release|Any CPU
	EndGlobalSection
	GlobalSection(SolutionProperties) = preSolution
		HideSolutionNode = FALSE
	EndGlobalSection
EndGlobal
