
Microsoft Visual Studio Solution File, Format Version 12.00
# Visual Studio 14
VisualStudioVersion = 14.0.25420.1
MinimumVisualStudioVersion = 10.0.40219.1
Project("{FAE04EC0-301F-11D3-BF4B-00C04F79EFBC}") = "24- 异常捕获", "24- 异常捕获\24- 异常捕获.csproj", "{51AD5D8C-1CD5-424B-92F1-FA2EBD892E3B}"
EndProject
Global
	GlobalSection(SolutionConfigurationPlatforms) = preSolution
		Debug|Any CPU = Debug|Any CPU
		Release|Any CPU = Release|Any CPU
	EndGlobalSection
	GlobalSection(ProjectConfigurationPlatforms) = postSolution
		{51AD5D8C-1CD5-424B-92F1-FA2EBD892E3B}.Debug|Any CPU.ActiveCfg = Debug|Any CPU
		{51AD5D8C-1CD5-424B-92F1-FA2EBD892E3B}.Debug|Any CPU.Build.0 = Debug|Any CPU
		{51AD5D8C-1CD5-424B-92F1-FA2EBD892E3B}.Release|Any CPU.ActiveCfg = Release|Any CPU
		{51AD5D8C-1CD5-424B-92F1-FA2EBD892E3B}.Release|Any CPU.Build.0 = Release|Any CPU
	EndGlobalSection
	GlobalSection(SolutionProperties) = preSolution
		HideSolutionNode = FALSE
	EndGlobalSection
EndGlobal
